
Microsoft Visual Studio Solution File, Format Version 12.00
# Visual Studio 14
VisualStudioVersion = 14.0.23107.0
MinimumVisualStudioVersion = 10.0.40219.1
Project("{8BC9CEB8-8B4A-11D0-8D11-00A0C91BC942}") = "MathFuncsDll", "MathFuncsDll\MathFuncsDll.vcxproj", "{F5013607-3E40-4C28-BBAF-D511A555BD63}"
EndProject
Project("{8BC9CEB8-8B4A-11D0-8D11-00A0C91BC942}") = "MyExecRefsDll", "MyExecRefsDll\MyExecRefsDll.vcxproj", "{EF5192AF-B462-4AF2-AAD3-216E40963134}"
EndProject
Project("{2150E333-8FDC-42A3-9474-1A3956D46DE8}") = "Solution Items", "Solution Items", "{13D95B66-68D9-466D-8885-F4C8F81FD503}"
	ProjectSection(SolutionItems) = preProject
		Exercise Description.txt = Exercise Description.txt
	EndProjectSection
EndProject
Global
	GlobalSection(SolutionConfigurationPlatforms) = preSolution
		Debug|x64 = Debug|x64
		Debug|x86 = Debug|x86
		Release|x64 = Release|x64
		Release|x86 = Release|x86
	EndGlobalSection
	GlobalSection(ProjectConfigurationPlatforms) = postSolution
		{F5013607-3E40-4C28-BBAF-D511A555BD63}.Debug|x64.ActiveCfg = Debug|x64
		{F5013607-3E40-4C28-BBAF-D511A555BD63}.Debug|x64.Build.0 = Debug|x64
		{F5013607-3E40-4C28-BBAF-D511A555BD63}.Debug|x86.ActiveCfg = Debug|Win32
		{F5013607-3E40-4C28-BBAF-D511A555BD63}.Debug|x86.Build.0 = Debug|Win32
		{F5013607-3E40-4C28-BBAF-D511A555BD63}.Release|x64.ActiveCfg = Release|x64
		{F5013607-3E40-4C28-BBAF-D511A555BD63}.Release|x64.Build.0 = Release|x64
		{F5013607-3E40-4C28-BBAF-D511A555BD63}.Release|x86.ActiveCfg = Release|Win32
		{F5013607-3E40-4C28-BBAF-D511A555BD63}.Release|x86.Build.0 = Release|Win32
		{EF5192AF-B462-4AF2-AAD3-216E40963134}.Debug|x64.ActiveCfg = Debug|x64
		{EF5192AF-B462-4AF2-AAD3-216E40963134}.Debug|x64.Build.0 = Debug|x64
		{EF5192AF-B462-4AF2-AAD3-216E40963134}.Debug|x86.ActiveCfg = Debug|Win32
		{EF5192AF-B462-4AF2-AAD3-216E40963134}.Debug|x86.Build.0 = Debug|Win32
		{EF5192AF-B462-4AF2-AAD3-216E40963134}.Release|x64.ActiveCfg = Release|x64
		{EF5192AF-B462-4AF2-AAD3-216E40963134}.Release|x64.Build.0 = Release|x64
		{EF5192AF-B462-4AF2-AAD3-216E40963134}.Release|x86.ActiveCfg = Release|Win32
		{EF5192AF-B462-4AF2-AAD3-216E40963134}.Release|x86.Build.0 = Release|Win32
	EndGlobalSection
	GlobalSection(SolutionProperties) = preSolution
		HideSolutionNode = FALSE
	EndGlobalSection
EndGlobal
